dependencies:
  espressif/cmake_utilities:
    component_hash: 351350613ceafba240b761b4ea991e0f231ac7a9f59a9ee901f751bddc0bb18f
    dependencies:
    - name: idf
      require: private
      version: '>=4.1'
    source:
      registry_url: https://components.espressif.com
      type: service
    version: 0.5.3
  espressif/esp_lcd_gc9a01:
    component_hash: e60bc2b5649c7679bd010797a875ae64b2a57cf9cdbd6a2bf7a0ade66913edc0
    dependencies:
    - name: espressif/cmake_utilities
      registry_url: https://components.espressif.com
      require: private
      version: 0.*
    - name: idf
      require: private
      version: '>=4.4'
    source:
      registry_url: https://components.espressif.com/
      type: service
    version: 2.0.4
  espressif/esp_lcd_touch:
    component_hash: 3f85a7d95af876f1a6ecca8eb90a81614890d0f03a038390804e5a77e2caf862
    dependencies:
    - name: idf
      require: private
      version: '>=4.4.2'
    source:
      registry_url: https://components.espressif.com
      type: service
    version: 1.2.1
  espressif/esp_lcd_touch_cst816s:
    component_hash: 6b11c489952c121396d4eaf5804b45e3f1f8dcd2c548dc6f2cbedf68622b013d
    dependencies:
    - name: espressif/esp_lcd_touch
      registry_url: https://components.espressif.com
      require: public
      version: ^1.2.0
    - name: idf
      require: private
      version: '>=4.4.2'
    source:
      registry_url: https://components.espressif.com/
      type: service
    version: 1.1.1
  espressif/esp_tinyusb:
    component_hash: fa0c96d7bdc3fe37383d735e2839a9007200a0b6bc039458d45d004b50146e81
    dependencies:
    - name: idf
      require: private
      version: '>=5.0'
    - name: espressif/tinyusb
      registry_url: https://components.espressif.com
      require: public
      version: '>=0.17.0~2'
    source:
      registry_url: https://components.espressif.com/
      type: service
    targets:
    - esp32s2
    - esp32s3
    - esp32p4
    - esp32h4
    version: 2.1.1
  espressif/tinyusb:
    component_hash: 5ea9d3b6d6b0734a0a0b3491967aa0e1bece2974132294dbda5dd2839b247bfa
    dependencies:
    - name: idf
      require: private
      version: '>=5.0'
    source:
      registry_url: https://components.espressif.com
      type: service
    targets:
    - esp32s2
    - esp32s3
    - esp32p4
    - esp32h4
    version: 0.19.0~2
  idf:
    source:
      type: idf
    version: 5.3.2
  lvgl/lvgl:
    component_hash: 948bff879a345149b83065535bbc4a026ce9f47498a22881e432a264b9098015
    dependencies: []
    source:
      registry_url: https://components.espressif.com/
      type: service
    version: 8.3.11
direct_dependencies:
- espressif/esp_lcd_gc9a01
- espressif/esp_lcd_touch_cst816s
- espressif/esp_tinyusb
- lvgl/lvgl
manifest_hash: f0b7a5aa4003e5a2233bf1f8bd301a58182ba0c5e4ed96c66aae65da7e408988
target: esp32s3
version: 2.0.0
